# THIS IS AN AUTOGENERATED FILE. DO NOT EDIT THIS FILE DIRECTLY.
# yarn lockfile v1


client-lib@*:
  version "0.0.12"
  resolved "https://registry.yarnpkg.com/client-lib/-/client-lib-0.0.12.tgz#073a502499f3b3c63dc1575499b656f101da09f8"
  integrity sha512-mj6kjR/exQ+qktZxZT60Ibuqms3yTnLre+jSGkUU7W0sUAf2fGlfJvzwbqEUa4nFt7dO1fQRFRh+eMMBN/a/jg==
